// !$*UTF8*$!
{
	archiveVersion = 1;
	classes = {
	};
	objectVersion = 77;
	objects = {

/* Begin PBXBuildFile section */
		0390305B1EF582082A8ADB99 /* SwiftTwitchMinerTests.swift in Sources */ = {isa = PBXBuildFile; fileRef = 28409EDBF935D2FC7E659494 /* SwiftTwitchMinerTests.swift */; };
		0A8A2D968AF2F7E128BF28A0 /* Progress.swift in Sources */ = {isa = PBXBuildFile; fileRef = A83F0E80EC106EB1F2DCCCCB /* Progress.swift */; };
		0BC6AD2CBD153F7D16BBAA66 /* AppModel.swift in Sources */ = {isa = PBXBuildFile; fileRef = 86D57AB93CB1E5EDD50C5B3F /* AppModel.swift */; };
		0CE758D302601B3EC6105BD4 /* MinerManager.swift in Sources */ = {isa = PBXBuildFile; fileRef = D6635F893353DD7C73B22E59 /* MinerManager.swift */; };
		143656F0DA1DB543602AFBCC /* ModelTests.swift in Sources */ = {isa = PBXBuildFile; fileRef = 2D3ADFFDBC7EEDFBE82F8D14 /* ModelTests.swift */; };
		21A89D4151C10622802CAA70 /* DropEventsService.swift in Sources */ = {isa = PBXBuildFile; fileRef = 6B10F0991095D9E6A4A4822E /* DropEventsService.swift */; };
		221C47462C854C5B2A1EF4B3 /* WatchSessionManager.swift in Sources */ = {isa = PBXBuildFile; fileRef = E3152FE7137ECA832B7AB140 /* WatchSessionManager.swift */; };
		2347F7A8E759A705B28A47C6 /* PubSubClient.swift in Sources */ = {isa = PBXBuildFile; fileRef = F7E1F03FD59FA55D324A975D /* PubSubClient.swift */; };
		23A21307461010F27647BAFC /* CampaignView.swift in Sources */ = {isa = PBXBuildFile; fileRef = 1FA461D1699E5A7A80975606 /* CampaignView.swift */; };
		25BFED035BCF3831F464FBC9 /* ContentView.swift in Sources */ = {isa = PBXBuildFile; fileRef = B12053A427AAABC0DD0E9723 /* ContentView.swift */; };
		28FCC965D8D3E4188E82096E /* libSwiftTwitchMiner.a in Frameworks */ = {isa = PBXBuildFile; fileRef = 7219EAA699989EA1CD6D64F5 /* libSwiftTwitchMiner.a */; };
		2AF6B35D0E1129576ECA3751 /* MinerLoginService.swift in Sources */ = {isa = PBXBuildFile; fileRef = 9C81889F7364E5CC9ED09EB2 /* MinerLoginService.swift */; };
		330ADAC6AA031A3169739832 /* CampaignViews.swift in Sources */ = {isa = PBXBuildFile; fileRef = 9676FF971C22F04FD5007C7C /* CampaignViews.swift */; };
		3B47FB1EFB05011FB6882587 /* SettingsView.swift in Sources */ = {isa = PBXBuildFile; fileRef = D6A690C3DAC7142E1D2FAEF3 /* SettingsView.swift */; };
		403C3BC8D3AED244351087A3 /* ClaimService.swift in Sources */ = {isa = PBXBuildFile; fileRef = 6D27137E1428E5668A7674AC /* ClaimService.swift */; };
		42612190BABC01E89B2E622B /* MinerTableView.swift in Sources */ = {isa = PBXBuildFile; fileRef = 8E2EFC528EEA3EA56881D0D8 /* MinerTableView.swift */; };
		43ED2CEC18D57EBF7B042C50 /* MinerApp.swift in Sources */ = {isa = PBXBuildFile; fileRef = F28EB5655741B6F4D41A26C5 /* MinerApp.swift */; };
		454C9949227E9BF41EFFC2B2 /* Campaign.swift in Sources */ = {isa = PBXBuildFile; fileRef = 7CF26C8920536B41AE84016C /* Campaign.swift */; };
		4972155270FB17667E7B5DD9 /* Logger.swift in Sources */ = {isa = PBXBuildFile; fileRef = 4EC9E136B08F6B181F6217EF /* Logger.swift */; };
		49D15E04E8461D6EF645EED1 /* libSwiftTwitchMiner.a in Frameworks */ = {isa = PBXBuildFile; fileRef = 7219EAA699989EA1CD6D64F5 /* libSwiftTwitchMiner.a */; };
		4BAACA3427B8910CC759EC06 /* AuthView.swift in Sources */ = {isa = PBXBuildFile; fileRef = 371233548007D74152E1404E /* AuthView.swift */; };
		4E0FE6A9C93D951A519E1992 /* DropsService.swift in Sources */ = {isa = PBXBuildFile; fileRef = D9D7BDB7960B14DC933C047B /* DropsService.swift */; };
		5485A1ECCCBD1CC760FC49FE /* SwiftTwitchMiner.swift in Sources */ = {isa = PBXBuildFile; fileRef = 4409120F96B81D0AD34001DF /* SwiftTwitchMiner.swift */; };
		54F1537FC1EF628BEC59E84C /* ServiceTests.swift in Sources */ = {isa = PBXBuildFile; fileRef = C47C13074251AAD25416392D /* ServiceTests.swift */; };
		64F886619CF43DD068CDE7A0 /* RateLimiter.swift in Sources */ = {isa = PBXBuildFile; fileRef = BC40AD0AC555C9F878326865 /* RateLimiter.swift */; };
		6864F43AEEF6770E56F38B12 /* Settings.swift in Sources */ = {isa = PBXBuildFile; fileRef = 3AB26943C7C16BB567CB12AB /* Settings.swift */; };
		6C53D0D9DF130A708DDE7A12 /* DebugTracer.swift in Sources */ = {isa = PBXBuildFile; fileRef = 2BC637B1E42CBC7B030E3D45 /* DebugTracer.swift */; };
		70C082E1DBA177212878467C /* AccountDetailView.swift in Sources */ = {isa = PBXBuildFile; fileRef = DA878ABBE6616DFC787CEA2B /* AccountDetailView.swift */; };
		7372A658D764C0CA512FC29B /* TwitchAuthService.swift in Sources */ = {isa = PBXBuildFile; fileRef = 8A24F6E5C9D9859EC6C41229 /* TwitchAuthService.swift */; };
		794E339AF92DECAD649CD9FC /* Errors.swift in Sources */ = {isa = PBXBuildFile; fileRef = 3303EAD44CF3B95256972B3B /* Errors.swift */; };
		7CB89ED51671179D7FF089DC /* MinerEngine.swift in Sources */ = {isa = PBXBuildFile; fileRef = E02EAB4438BB809A892F8380 /* MinerEngine.swift */; };
		7D1F450009D55F9585FD2E02 /* GQLHashes.swift in Sources */ = {isa = PBXBuildFile; fileRef = 96D3C7835959ABA6AEE3E572 /* GQLHashes.swift */; };
		862CE86640D700CD52D21F09 /* DebugTrace.swift in Sources */ = {isa = PBXBuildFile; fileRef = 23A5F30DBC875BD3E752647E /* DebugTrace.swift */; };
		871C0AAC637DAD1EE6056214 /* SpadeBeaconService.swift in Sources */ = {isa = PBXBuildFile; fileRef = E9B1FCD56A4A3218FE39E791 /* SpadeBeaconService.swift */; };
		8868B4A805B5A4CB3BCB9F57 /* libSwiftTwitchMiner.a in Frameworks */ = {isa = PBXBuildFile; fileRef = 7219EAA699989EA1CD6D64F5 /* libSwiftTwitchMiner.a */; };
		8E83F36F7212073D6379231C /* main.swift in Sources */ = {isa = PBXBuildFile; fileRef = FA899DF090F85E77F1C6592B /* main.swift */; };
		961C051B14B5BAEBE585C4B2 /* APIModels.swift in Sources */ = {isa = PBXBuildFile; fileRef = 9B9BBC702DA993B53B3938D8 /* APIModels.swift */; };
		B51C6967621D9E73872DA809 /* NavigationModel.swift in Sources */ = {isa = PBXBuildFile; fileRef = 3F9701F55EB90C8697F0632E /* NavigationModel.swift */; };
		B8F9CF64BCD0F89AE37B7F13 /* Channel.swift in Sources */ = {isa = PBXBuildFile; fileRef = 86A637D57DE24D0DE1F48B24 /* Channel.swift */; };
		C625DE6A59D4BB09276F7811 /* SidebarView.swift in Sources */ = {isa = PBXBuildFile; fileRef = F362827D9153CBE107B26136 /* SidebarView.swift */; };
		D5200D74CBD0AC42B729F769 /* Account.swift in Sources */ = {isa = PBXBuildFile; fileRef = 56B773B9A381BDA23183B2A6 /* Account.swift */; };
		D8051531F7F217E8A0D7882B /* ActivityOverviewView.swift in Sources */ = {isa = PBXBuildFile; fileRef = 89F7B710738427EF8D86C5F6 /* ActivityOverviewView.swift */; };
		DFBEBEF2CC2CD5AAD5C09B55 /* CommunityPointsService.swift in Sources */ = {isa = PBXBuildFile; fileRef = 5E85B01F6B9D234C2AA0C523 /* CommunityPointsService.swift */; };
		E005E99649A6C7A954BD539E /* TwitchAPIClient.swift in Sources */ = {isa = PBXBuildFile; fileRef = BFCD2D8FC853DBA70B120D78 /* TwitchAPIClient.swift */; };
		ED029675AE501C6D57890B13 /* AuthRequiredSheet.swift in Sources */ = {isa = PBXBuildFile; fileRef = 143DA5E9E038FE1AFED2B7E9 /* AuthRequiredSheet.swift */; };
/* End PBXBuildFile section */

/* Begin PBXContainerItemProxy section */
		150A2D2E58D3E8EAF6B6E2DA /* PBXContainerItemProxy */ = {
			isa = PBXContainerItemProxy;
			containerPortal = 29B042A1A4303D864CD65C4A /* Project object */;
			proxyType = 1;
			remoteGlobalIDString = 064EBFE61FB1FB479CF0F0A7;
			remoteInfo = SwiftTwitchMiner;
		};
		297C4E64BAAF809FAB46676C /* PBXContainerItemProxy */ = {
			isa = PBXContainerItemProxy;
			containerPortal = 29B042A1A4303D864CD65C4A /* Project object */;
			proxyType = 1;
			remoteGlobalIDString = 064EBFE61FB1FB479CF0F0A7;
			remoteInfo = SwiftTwitchMiner;
		};
		A699BB1FDA2EB9B0FF9FC685 /* PBXContainerItemProxy */ = {
			isa = PBXContainerItemProxy;
			containerPortal = 29B042A1A4303D864CD65C4A /* Project object */;
			proxyType = 1;
			remoteGlobalIDString = 064EBFE61FB1FB479CF0F0A7;
			remoteInfo = SwiftTwitchMiner;
		};
/* End PBXContainerItemProxy section */

/* Begin PBXFileReference section */
		143DA5E9E038FE1AFED2B7E9 /* AuthRequiredSheet.swift */ = {isa = PBXFileReference; lastKnownFileType = sourcecode.swift; path = AuthRequiredSheet.swift; sourceTree = "<group>"; };
		1FA461D1699E5A7A80975606 /* CampaignView.swift */ = {isa = PBXFileReference; lastKnownFileType = sourcecode.swift; path = CampaignView.swift; sourceTree = "<group>"; };
		23A5F30DBC875BD3E752647E /* DebugTrace.swift */ = {isa = PBXFileReference; lastKnownFileType = sourcecode.swift; path = DebugTrace.swift; sourceTree = "<group>"; };
		28409EDBF935D2FC7E659494 /* SwiftTwitchMinerTests.swift */ = {isa = PBXFileReference; lastKnownFileType = sourcecode.swift; path = SwiftTwitchMinerTests.swift; sourceTree = "<group>"; };
		2BC637B1E42CBC7B030E3D45 /* DebugTracer.swift */ = {isa = PBXFileReference; lastKnownFileType = sourcecode.swift; path = DebugTracer.swift; sourceTree = "<group>"; };
		2D3ADFFDBC7EEDFBE82F8D14 /* ModelTests.swift */ = {isa = PBXFileReference; lastKnownFileType = sourcecode.swift; path = ModelTests.swift; sourceTree = "<group>"; };
		3303EAD44CF3B95256972B3B /* Errors.swift */ = {isa = PBXFileReference; lastKnownFileType = sourcecode.swift; path = Errors.swift; sourceTree = "<group>"; };
		371233548007D74152E1404E /* AuthView.swift */ = {isa = PBXFileReference; lastKnownFileType = sourcecode.swift; path = AuthView.swift; sourceTree = "<group>"; };
		3AB26943C7C16BB567CB12AB /* Settings.swift */ = {isa = PBXFileReference; lastKnownFileType = sourcecode.swift; path = Settings.swift; sourceTree = "<group>"; };
		3F9701F55EB90C8697F0632E /* NavigationModel.swift */ = {isa = PBXFileReference; lastKnownFileType = sourcecode.swift; path = NavigationModel.swift; sourceTree = "<group>"; };
		43388CF802F054B7F0FB50E1 /* SwiftTwitchMinerApp.app */ = {isa = PBXFileReference; explicitFileType = wrapper.application; includeInIndex = 0; path = SwiftTwitchMinerApp.app; sourceTree = BUILT_PRODUCTS_DIR; };
		4409120F96B81D0AD34001DF /* SwiftTwitchMiner.swift */ = {isa = PBXFileReference; lastKnownFileType = sourcecode.swift; path = SwiftTwitchMiner.swift; sourceTree = "<group>"; };
		4EC9E136B08F6B181F6217EF /* Logger.swift */ = {isa = PBXFileReference; lastKnownFileType = sourcecode.swift; path = Logger.swift; sourceTree = "<group>"; };
		52AEA85C2F6953D50018D62B /* TMServer 2.icon */ = {isa = PBXFileReference; lastKnownFileType = folder.iconcomposer.icon; path = "TMServer 2.icon"; sourceTree = "<group>"; };
		56B773B9A381BDA23183B2A6 /* Account.swift */ = {isa = PBXFileReference; lastKnownFileType = sourcecode.swift; path = Account.swift; sourceTree = "<group>"; };
		5E85B01F6B9D234C2AA0C523 /* CommunityPointsService.swift */ = {isa = PBXFileReference; lastKnownFileType = sourcecode.swift; path = CommunityPointsService.swift; sourceTree = "<group>"; };
		6B10F0991095D9E6A4A4822E /* DropEventsService.swift */ = {isa = PBXFileReference; lastKnownFileType = sourcecode.swift; path = DropEventsService.swift; sourceTree = "<group>"; };
		6D27137E1428E5668A7674AC /* ClaimService.swift */ = {isa = PBXFileReference; lastKnownFileType = sourcecode.swift; path = ClaimService.swift; sourceTree = "<group>"; };
		6F3C90855E006DA056A6DF36 /* SwiftTwitchMinerCLI */ = {isa = PBXFileReference; includeInIndex = 0; lastKnownFileType = text; path = SwiftTwitchMinerCLI; sourceTree = BUILT_PRODUCTS_DIR; };
		7219EAA699989EA1CD6D64F5 /* libSwiftTwitchMiner.a */ = {isa = PBXFileReference; explicitFileType = archive.ar; includeInIndex = 0; path = libSwiftTwitchMiner.a; sourceTree = BUILT_PRODUCTS_DIR; };
		794D6EB29BD6510BBA217D39 /* SwiftTwitchMinerTests.xctest */ = {isa = PBXFileReference; explicitFileType = wrapper.cfbundle; includeInIndex = 0; path = SwiftTwitchMinerTests.xctest; sourceTree = BUILT_PRODUCTS_DIR; };
		7CF26C8920536B41AE84016C /* Campaign.swift */ = {isa = PBXFileReference; lastKnownFileType = sourcecode.swift; path = Campaign.swift; sourceTree = "<group>"; };
		86A637D57DE24D0DE1F48B24 /* Channel.swift */ = {isa = PBXFileReference; lastKnownFileType = sourcecode.swift; path = Channel.swift; sourceTree = "<group>"; };
		86D57AB93CB1E5EDD50C5B3F /* AppModel.swift */ = {isa = PBXFileReference; lastKnownFileType = sourcecode.swift; path = AppModel.swift; sourceTree = "<group>"; };
		89F7B710738427EF8D86C5F6 /* ActivityOverviewView.swift */ = {isa = PBXFileReference; lastKnownFileType = sourcecode.swift; path = ActivityOverviewView.swift; sourceTree = "<group>"; };
		8A24F6E5C9D9859EC6C41229 /* TwitchAuthService.swift */ = {isa = PBXFileReference; lastKnownFileType = sourcecode.swift; path = TwitchAuthService.swift; sourceTree = "<group>"; };
		8E2EFC528EEA3EA56881D0D8 /* MinerTableView.swift */ = {isa = PBXFileReference; lastKnownFileType = sourcecode.swift; path = MinerTableView.swift; sourceTree = "<group>"; };
		9676FF971C22F04FD5007C7C /* CampaignViews.swift */ = {isa = PBXFileReference; lastKnownFileType = sourcecode.swift; path = CampaignViews.swift; sourceTree = "<group>"; };
		96D3C7835959ABA6AEE3E572 /* GQLHashes.swift */ = {isa = PBXFileReference; lastKnownFileType = sourcecode.swift; path = GQLHashes.swift; sourceTree = "<group>"; };
		9B9BBC702DA993B53B3938D8 /* APIModels.swift */ = {isa = PBXFileReference; lastKnownFileType = sourcecode.swift; path = APIModels.swift; sourceTree = "<group>"; };
		9C81889F7364E5CC9ED09EB2 /* MinerLoginService.swift */ = {isa = PBXFileReference; lastKnownFileType = sourcecode.swift; path = MinerLoginService.swift; sourceTree = "<group>"; };
		A83F0E80EC106EB1F2DCCCCB /* Progress.swift */ = {isa = PBXFileReference; lastKnownFileType = sourcecode.swift; path = Progress.swift; sourceTree = "<group>"; };
		B12053A427AAABC0DD0E9723 /* ContentView.swift */ = {isa = PBXFileReference; lastKnownFileType = sourcecode.swift; path = ContentView.swift; sourceTree = "<group>"; };
		BC40AD0AC555C9F878326865 /* RateLimiter.swift */ = {isa = PBXFileReference; lastKnownFileType = sourcecode.swift; path = RateLimiter.swift; sourceTree = "<group>"; };
		BFCD2D8FC853DBA70B120D78 /* TwitchAPIClient.swift */ = {isa = PBXFileReference; lastKnownFileType = sourcecode.swift; path = TwitchAPIClient.swift; sourceTree = "<group>"; };
		C47C13074251AAD25416392D /* ServiceTests.swift */ = {isa = PBXFileReference; lastKnownFileType = sourcecode.swift; path = ServiceTests.swift; sourceTree = "<group>"; };
		D6635F893353DD7C73B22E59 /* MinerManager.swift */ = {isa = PBXFileReference; lastKnownFileType = sourcecode.swift; path = MinerManager.swift; sourceTree = "<group>"; };
		D6A690C3DAC7142E1D2FAEF3 /* SettingsView.swift */ = {isa = PBXFileReference; lastKnownFileType = sourcecode.swift; path = SettingsView.swift; sourceTree = "<group>"; };
		D9D7BDB7960B14DC933C047B /* DropsService.swift */ = {isa = PBXFileReference; lastKnownFileType = sourcecode.swift; path = DropsService.swift; sourceTree = "<group>"; };
		DA878ABBE6616DFC787CEA2B /* AccountDetailView.swift */ = {isa = PBXFileReference; lastKnownFileType = sourcecode.swift; path = AccountDetailView.swift; sourceTree = "<group>"; };
		E02EAB4438BB809A892F8380 /* MinerEngine.swift */ = {isa = PBXFileReference; lastKnownFileType = sourcecode.swift; path = MinerEngine.swift; sourceTree = "<group>"; };
		E3152FE7137ECA832B7AB140 /* WatchSessionManager.swift */ = {isa = PBXFileReference; lastKnownFileType = sourcecode.swift; path = WatchSessionManager.swift; sourceTree = "<group>"; };
		E9B1FCD56A4A3218FE39E791 /* SpadeBeaconService.swift */ = {isa = PBXFileReference; lastKnownFileType = sourcecode.swift; path = SpadeBeaconService.swift; sourceTree = "<group>"; };
		F28EB5655741B6F4D41A26C5 /* MinerApp.swift */ = {isa = PBXFileReference; lastKnownFileType = sourcecode.swift; path = MinerApp.swift; sourceTree = "<group>"; };
		F362827D9153CBE107B26136 /* SidebarView.swift */ = {isa = PBXFileReference; lastKnownFileType = sourcecode.swift; path = SidebarView.swift; sourceTree = "<group>"; };
		F7E1F03FD59FA55D324A975D /* PubSubClient.swift */ = {isa = PBXFileReference; lastKnownFileType = sourcecode.swift; path = PubSubClient.swift; sourceTree = "<group>"; };
		FA899DF090F85E77F1C6592B /* main.swift */ = {isa = PBXFileReference; lastKnownFileType = sourcecode.swift; path = main.swift; sourceTree = "<group>"; };
/* End PBXFileReference section */

/* Begin PBXFrameworksBuildPhase section */
		6060A61E2151CF4043902B2A /* Frameworks */ = {
			isa = PBXFrameworksBuildPhase;
			buildActionMask = 2147483647;
			files = (
				28FCC965D8D3E4188E82096E /* libSwiftTwitchMiner.a in Frameworks */,
			);
			runOnlyForDeploymentPostprocessing = 0;
		};
		60FCFCD6016E627B35D1ECE8 /* Frameworks */ = {
			isa = PBXFrameworksBuildPhase;
			buildActionMask = 2147483647;
			files = (
				8868B4A805B5A4CB3BCB9F57 /* libSwiftTwitchMiner.a in Frameworks */,
			);
			runOnlyForDeploymentPostprocessing = 0;
		};
		6D480166FB8F10F0987BCE60 /* Frameworks */ = {
			isa = PBXFrameworksBuildPhase;
			buildActionMask = 2147483647;
			files = (
				49D15E04E8461D6EF645EED1 /* libSwiftTwitchMiner.a in Frameworks */,
			);
			runOnlyForDeploymentPostprocessing = 0;
		};
/* End PBXFrameworksBuildPhase section */

/* Begin PBXGroup section */
		03B5326F456325C757F3AD5A /* Products */ = {
			isa = PBXGroup;
			children = (
				7219EAA699989EA1CD6D64F5 /* libSwiftTwitchMiner.a */,
				43388CF802F054B7F0FB50E1 /* SwiftTwitchMinerApp.app */,
				6F3C90855E006DA056A6DF36 /* SwiftTwitchMinerCLI */,
				794D6EB29BD6510BBA217D39 /* SwiftTwitchMinerTests.xctest */,
			);
			name = Products;
			sourceTree = "<group>";
		};
		25C7F893AA7DB4C33E2AFD3F /* SwiftTwitchMinerApp */ = {
			isa = PBXGroup;
			children = (
				DA878ABBE6616DFC787CEA2B /* AccountDetailView.swift */,
				89F7B710738427EF8D86C5F6 /* ActivityOverviewView.swift */,
				86D57AB93CB1E5EDD50C5B3F /* AppModel.swift */,
				143DA5E9E038FE1AFED2B7E9 /* AuthRequiredSheet.swift */,
				371233548007D74152E1404E /* AuthView.swift */,
				1FA461D1699E5A7A80975606 /* CampaignView.swift */,
				9676FF971C22F04FD5007C7C /* CampaignViews.swift */,
				B12053A427AAABC0DD0E9723 /* ContentView.swift */,
				F28EB5655741B6F4D41A26C5 /* MinerApp.swift */,
				9C81889F7364E5CC9ED09EB2 /* MinerLoginService.swift */,
				8E2EFC528EEA3EA56881D0D8 /* MinerTableView.swift */,
				3F9701F55EB90C8697F0632E /* NavigationModel.swift */,
				3AB26943C7C16BB567CB12AB /* Settings.swift */,
				D6A690C3DAC7142E1D2FAEF3 /* SettingsView.swift */,
				F362827D9153CBE107B26136 /* SidebarView.swift */,
			);
			path = SwiftTwitchMinerApp;
			sourceTree = "<group>";
		};
		4B71000BE45FBD5CF7C86FB0 /* SwiftTwitchMinerCLI */ = {
			isa = PBXGroup;
			children = (
				FA899DF090F85E77F1C6592B /* main.swift */,
			);
			path = SwiftTwitchMinerCLI;
			sourceTree = "<group>";
		};
		5D75DA8D015FF1A278137EAD /* Services */ = {
			isa = PBXGroup;
			children = (
				6D27137E1428E5668A7674AC /* ClaimService.swift */,
				5E85B01F6B9D234C2AA0C523 /* CommunityPointsService.swift */,
				6B10F0991095D9E6A4A4822E /* DropEventsService.swift */,
				D9D7BDB7960B14DC933C047B /* DropsService.swift */,
				F7E1F03FD59FA55D324A975D /* PubSubClient.swift */,
				E9B1FCD56A4A3218FE39E791 /* SpadeBeaconService.swift */,
				BFCD2D8FC853DBA70B120D78 /* TwitchAPIClient.swift */,
				8A24F6E5C9D9859EC6C41229 /* TwitchAuthService.swift */,
				E3152FE7137ECA832B7AB140 /* WatchSessionManager.swift */,
			);
			path = Services;
			sourceTree = "<group>";
		};
		621E94CEF0CD8EE90D812F2C /* Utils */ = {
			isa = PBXGroup;
			children = (
				23A5F30DBC875BD3E752647E /* DebugTrace.swift */,
				2BC637B1E42CBC7B030E3D45 /* DebugTracer.swift */,
				3303EAD44CF3B95256972B3B /* Errors.swift */,
				96D3C7835959ABA6AEE3E572 /* GQLHashes.swift */,
				4EC9E136B08F6B181F6217EF /* Logger.swift */,
				BC40AD0AC555C9F878326865 /* RateLimiter.swift */,
			);
			path = Utils;
			sourceTree = "<group>";
		};
		638ADF8BCDDEFAC2E5ADFF2B = {
			isa = PBXGroup;
			children = (
				52AEA85C2F6953D50018D62B /* TMServer 2.icon */,
				7357526E73CFA7CBB5402535 /* Sources */,
				F219C0C60DEC27333D873638 /* Tests */,
				03B5326F456325C757F3AD5A /* Products */,
			);
			sourceTree = "<group>";
		};
		7357526E73CFA7CBB5402535 /* Sources */ = {
			isa = PBXGroup;
			children = (
				A9B95FE4A0F16F64926CC1C3 /* SwiftTwitchMiner */,
				25C7F893AA7DB4C33E2AFD3F /* SwiftTwitchMinerApp */,
				4B71000BE45FBD5CF7C86FB0 /* SwiftTwitchMinerCLI */,
			);
			path = Sources;
			sourceTree = "<group>";
		};
		A1F47259F137F6729367164C /* Engine */ = {
			isa = PBXGroup;
			children = (
				E02EAB4438BB809A892F8380 /* MinerEngine.swift */,
				D6635F893353DD7C73B22E59 /* MinerManager.swift */,
			);
			path = Engine;
			sourceTree = "<group>";
		};
		A9B95FE4A0F16F64926CC1C3 /* SwiftTwitchMiner */ = {
			isa = PBXGroup;
			children = (
				4409120F96B81D0AD34001DF /* SwiftTwitchMiner.swift */,
				A1F47259F137F6729367164C /* Engine */,
				C1E5D008CCE9DA9E2C476906 /* Models */,
				5D75DA8D015FF1A278137EAD /* Services */,
				621E94CEF0CD8EE90D812F2C /* Utils */,
			);
			path = SwiftTwitchMiner;
			sourceTree = "<group>";
		};
		C1E5D008CCE9DA9E2C476906 /* Models */ = {
			isa = PBXGroup;
			children = (
				56B773B9A381BDA23183B2A6 /* Account.swift */,
				9B9BBC702DA993B53B3938D8 /* APIModels.swift */,
				7CF26C8920536B41AE84016C /* Campaign.swift */,
				86A637D57DE24D0DE1F48B24 /* Channel.swift */,
				A83F0E80EC106EB1F2DCCCCB /* Progress.swift */,
			);
			path = Models;
			sourceTree = "<group>";
		};
		F219C0C60DEC27333D873638 /* Tests */ = {
			isa = PBXGroup;
			children = (
				2D3ADFFDBC7EEDFBE82F8D14 /* ModelTests.swift */,
				C47C13074251AAD25416392D /* ServiceTests.swift */,
				28409EDBF935D2FC7E659494 /* SwiftTwitchMinerTests.swift */,
			);
			path = Tests;
			sourceTree = "<group>";
		};
/* End PBXGroup section */

/* Begin PBXNativeTarget section */
		064EBFE61FB1FB479CF0F0A7 /* SwiftTwitchMiner */ = {
			isa = PBXNativeTarget;
			buildConfigurationList = 84E003E6CAB9E6C69563DFFF /* Build configuration list for PBXNativeTarget "SwiftTwitchMiner" */;
			buildPhases = (
				BB507973226993F0F243A858 /* Sources */,
				1425360DC52AAE3240B2E8F1 /* Copy Swift Objective-C Interface Header */,
			);
			buildRules = (
			);
			dependencies = (
			);
			name = SwiftTwitchMiner;
			packageProductDependencies = (
			);
			productName = SwiftTwitchMiner;
			productReference = 7219EAA699989EA1CD6D64F5 /* libSwiftTwitchMiner.a */;
			productType = "com.apple.product-type.library.static";
		};
		7709D66317F4BA597DF783CB /* SwiftTwitchMinerTests */ = {
			isa = PBXNativeTarget;
			buildConfigurationList = 2CA523445426446A78F146A5 /* Build configuration list for PBXNativeTarget "SwiftTwitchMinerTests" */;
			buildPhases = (
				D7A95BE81F17A99613013268 /* Sources */,
				6060A61E2151CF4043902B2A /* Frameworks */,
			);
			buildRules = (
			);
			dependencies = (
				16295707C6791F2E787EC2C5 /* PBXTargetDependency */,
			);
			name = SwiftTwitchMinerTests;
			packageProductDependencies = (
			);
			productName = SwiftTwitchMinerTests;
			productReference = 794D6EB29BD6510BBA217D39 /* SwiftTwitchMinerTests.xctest */;
			productType = "com.apple.product-type.bundle.unit-test";
		};
		B00D7013BF0F6CC488597A01 /* SwiftTwitchMinerCLI */ = {
			isa = PBXNativeTarget;
			buildConfigurationList = 29DE5876F895596BC412BB8D /* Build configuration list for PBXNativeTarget "SwiftTwitchMinerCLI" */;
			buildPhases = (
				FEFA0109999BE719A47427A0 /* Sources */,
				6D480166FB8F10F0987BCE60 /* Frameworks */,
			);
			buildRules = (
			);
			dependencies = (
				5E1D14A81BDE05EEF976424F /* PBXTargetDependency */,
			);
			name = SwiftTwitchMinerCLI;
			packageProductDependencies = (
			);
			productName = SwiftTwitchMinerCLI;
			productReference = 6F3C90855E006DA056A6DF36 /* SwiftTwitchMinerCLI */;
			productType = "com.apple.product-type.tool";
		};
		CEB8016E9C736F7734598C40 /* SwiftTwitchMinerApp */ = {
			isa = PBXNativeTarget;
			buildConfigurationList = BA28FB53851BB946AA056F93 /* Build configuration list for PBXNativeTarget "SwiftTwitchMinerApp" */;
			buildPhases = (
				FE4BA50DDAA0941942DD4020 /* Sources */,
				60FCFCD6016E627B35D1ECE8 /* Frameworks */,
			);
			buildRules = (
			);
			dependencies = (
				C5F669C45DA0B59B8C4472AC /* PBXTargetDependency */,
			);
			name = SwiftTwitchMinerApp;
			packageProductDependencies = (
			);
			productName = SwiftTwitchMinerApp;
			productReference = 43388CF802F054B7F0FB50E1 /* SwiftTwitchMinerApp.app */;
			productType = "com.apple.product-type.application";
		};
/* End PBXNativeTarget section */

/* Begin PBXProject section */
		29B042A1A4303D864CD65C4A /* Project object */ = {
			isa = PBXProject;
			attributes = {
				BuildIndependentTargetsInParallel = YES;
				LastUpgradeCheck = 1430;
				TargetAttributes = {
					CEB8016E9C736F7734598C40 = {
						ProvisioningStyle = Automatic;
					};
				};
			};
			buildConfigurationList = 814D17855F10E57E7621E418 /* Build configuration list for PBXProject "SwiftTwitchMiner" */;
			developmentRegion = en;
			hasScannedForEncodings = 0;
			knownRegions = (
				Base,
				en,
			);
			mainGroup = 638ADF8BCDDEFAC2E5ADFF2B;
			minimizedProjectReferenceProxies = 1;
			preferredProjectObjectVersion = 77;
			productRefGroup = 03B5326F456325C757F3AD5A /* Products */;
			projectDirPath = "";
			projectRoot = "";
			targets = (
				064EBFE61FB1FB479CF0F0A7 /* SwiftTwitchMiner */,
				CEB8016E9C736F7734598C40 /* SwiftTwitchMinerApp */,
				B00D7013BF0F6CC488597A01 /* SwiftTwitchMinerCLI */,
				7709D66317F4BA597DF783CB /* SwiftTwitchMinerTests */,
			);
		};
/* End PBXProject section */

/* Begin PBXShellScriptBuildPhase section */
		1425360DC52AAE3240B2E8F1 /* Copy Swift Objective-C Interface Header */ = {
			isa = PBXShellScriptBuildPhase;
			buildActionMask = 2147483647;
			files = (
			);
			inputPaths = (
				"$(DERIVED_SOURCES_DIR)/$(SWIFT_OBJC_INTERFACE_HEADER_NAME)",
			);
			name = "Copy Swift Objective-C Interface Header";
			outputPaths = (
				"$(BUILT_PRODUCTS_DIR)/include/$(PRODUCT_MODULE_NAME)/$(SWIFT_OBJC_INTERFACE_HEADER_NAME)",
			);
			runOnlyForDeploymentPostprocessing = 0;
			shellPath = /bin/sh;
			shellScript = "ditto \"${SCRIPT_INPUT_FILE_0}\" \"${SCRIPT_OUTPUT_FILE_0}\"\n";
		};
/* End PBXShellScriptBuildPhase section */

/* Begin PBXSourcesBuildPhase section */
		BB507973226993F0F243A858 /* Sources */ = {
			isa = PBXSourcesBuildPhase;
			buildActionMask = 2147483647;
			files = (
				961C051B14B5BAEBE585C4B2 /* APIModels.swift in Sources */,
				D5200D74CBD0AC42B729F769 /* Account.swift in Sources */,
				454C9949227E9BF41EFFC2B2 /* Campaign.swift in Sources */,
				B8F9CF64BCD0F89AE37B7F13 /* Channel.swift in Sources */,
				403C3BC8D3AED244351087A3 /* ClaimService.swift in Sources */,
				DFBEBEF2CC2CD5AAD5C09B55 /* CommunityPointsService.swift in Sources */,
				862CE86640D700CD52D21F09 /* DebugTrace.swift in Sources */,
				6C53D0D9DF130A708DDE7A12 /* DebugTracer.swift in Sources */,
				21A89D4151C10622802CAA70 /* DropEventsService.swift in Sources */,
				4E0FE6A9C93D951A519E1992 /* DropsService.swift in Sources */,
				794E339AF92DECAD649CD9FC /* Errors.swift in Sources */,
				7D1F450009D55F9585FD2E02 /* GQLHashes.swift in Sources */,
				4972155270FB17667E7B5DD9 /* Logger.swift in Sources */,
				7CB89ED51671179D7FF089DC /* MinerEngine.swift in Sources */,
				0CE758D302601B3EC6105BD4 /* MinerManager.swift in Sources */,
				0A8A2D968AF2F7E128BF28A0 /* Progress.swift in Sources */,
				2347F7A8E759A705B28A47C6 /* PubSubClient.swift in Sources */,
				64F886619CF43DD068CDE7A0 /* RateLimiter.swift in Sources */,
				871C0AAC637DAD1EE6056214 /* SpadeBeaconService.swift in Sources */,
				5485A1ECCCBD1CC760FC49FE /* SwiftTwitchMiner.swift in Sources */,
				E005E99649A6C7A954BD539E /* TwitchAPIClient.swift in Sources */,
				7372A658D764C0CA512FC29B /* TwitchAuthService.swift in Sources */,
				221C47462C854C5B2A1EF4B3 /* WatchSessionManager.swift in Sources */,
			);
			runOnlyForDeploymentPostprocessing = 0;
		};
		D7A95BE81F17A99613013268 /* Sources */ = {
			isa = PBXSourcesBuildPhase;
			buildActionMask = 2147483647;
			files = (
				143656F0DA1DB543602AFBCC /* ModelTests.swift in Sources */,
				54F1537FC1EF628BEC59E84C /* ServiceTests.swift in Sources */,
				0390305B1EF582082A8ADB99 /* SwiftTwitchMinerTests.swift in Sources */,
			);
			runOnlyForDeploymentPostprocessing = 0;
		};
		FE4BA50DDAA0941942DD4020 /* Sources */ = {
			isa = PBXSourcesBuildPhase;
			buildActionMask = 2147483647;
			files = (
				70C082E1DBA177212878467C /* AccountDetailView.swift in Sources */,
				D8051531F7F217E8A0D7882B /* ActivityOverviewView.swift in Sources */,
				0BC6AD2CBD153F7D16BBAA66 /* AppModel.swift in Sources */,
				ED029675AE501C6D57890B13 /* AuthRequiredSheet.swift in Sources */,
				4BAACA3427B8910CC759EC06 /* AuthView.swift in Sources */,
				23A21307461010F27647BAFC /* CampaignView.swift in Sources */,
				330ADAC6AA031A3169739832 /* CampaignViews.swift in Sources */,
				25BFED035BCF3831F464FBC9 /* ContentView.swift in Sources */,
				43ED2CEC18D57EBF7B042C50 /* MinerApp.swift in Sources */,
				2AF6B35D0E1129576ECA3751 /* MinerLoginService.swift in Sources */,
				42612190BABC01E89B2E622B /* MinerTableView.swift in Sources */,
				B51C6967621D9E73872DA809 /* NavigationModel.swift in Sources */,
				6864F43AEEF6770E56F38B12 /* Settings.swift in Sources */,
				3B47FB1EFB05011FB6882587 /* SettingsView.swift in Sources */,
				C625DE6A59D4BB09276F7811 /* SidebarView.swift in Sources */,
			);
			runOnlyForDeploymentPostprocessing = 0;
		};
		FEFA0109999BE719A47427A0 /* Sources */ = {
			isa = PBXSourcesBuildPhase;
			buildActionMask = 2147483647;
			files = (
				8E83F36F7212073D6379231C /* main.swift in Sources */,
			);
			runOnlyForDeploymentPostprocessing = 0;
		};
/* End PBXSourcesBuildPhase section */

/* Begin PBXTargetDependency section */
		16295707C6791F2E787EC2C5 /* PBXTargetDependency */ = {
			isa = PBXTargetDependency;
			target = 064EBFE61FB1FB479CF0F0A7 /* SwiftTwitchMiner */;
			targetProxy = A699BB1FDA2EB9B0FF9FC685 /* PBXContainerItemProxy */;
		};
		5E1D14A81BDE05EEF976424F /* PBXTargetDependency */ = {
			isa = PBXTargetDependency;
			target = 064EBFE61FB1FB479CF0F0A7 /* SwiftTwitchMiner */;
			targetProxy = 150A2D2E58D3E8EAF6B6E2DA /* PBXContainerItemProxy */;
		};
		C5F669C45DA0B59B8C4472AC /* PBXTargetDependency */ = {
			isa = PBXTargetDependency;
			target = 064EBFE61FB1FB479CF0F0A7 /* SwiftTwitchMiner */;
			targetProxy = 297C4E64BAAF809FAB46676C /* PBXContainerItemProxy */;
		};
/* End PBXTargetDependency section */

/* Begin XCBuildConfiguration section */
		08B4E986B9DD8410191E255D /* Debug */ = {
			isa = XCBuildConfiguration;
			buildSettings = {
				ASSETCATALOG_COMPILER_APPICON_NAME = TMServer;
				ASSETCATALOG_COMPILER_INCLUDE_ALL_APPICON_ASSETS = YES;
				CODE_SIGN_STYLE = Automatic;
				COMBINE_HIDPI_IMAGES = YES;
				ENABLE_HARDENED_RUNTIME = YES;
				INFOPLIST_FILE = Sources/SwiftTwitchMinerApp/Info.plist;
				INFOPLIST_KEY_CFBundleDisplayName = SwitfMiner;
				LD_RUNPATH_SEARCH_PATHS = (
					"$(inherited)",
					"@executable_path/../Frameworks",
				);
				MACOSX_DEPLOYMENT_TARGET = 26.0;
				MARKETING_VERSION = 0.0.1;
				OTHER_LDFLAGS = (
					"$(inherited)",
					"-ObjC",
				);
				PRODUCT_BUNDLE_IDENTIFIER = com.swifttwitchminer.app;
				SDKROOT = macosx;
				SWIFT_STRICT_CONCURRENCY = complete;
				SWIFT_VERSION = 6.0;
			};
			name = Debug;
		};
		50D5D1D750A29A1BB20A21C1 /* Debug */ = {
			isa = XCBuildConfiguration;
			buildSettings = {
				COMBINE_HIDPI_IMAGES = YES;
				ENABLE_STRICT_CONCURRENCY = YES;
				LD_RUNPATH_SEARCH_PATHS = (
					"$(inherited)",
					"@executable_path/../Frameworks",
				);
				MACOSX_DEPLOYMENT_TARGET = 26.0;
				PRODUCT_BUNDLE_IDENTIFIER = com.swifttwitchminer.SwiftTwitchMiner;
				SDKROOT = macosx;
				SKIP_INSTALL = YES;
				SWIFT_STRICT_CONCURRENCY = complete;
				SWIFT_VERSION = 6.0;
			};
			name = Debug;
		};
		5A2A4DE3FB08B1C672492B37 /* Release */ = {
			isa = XCBuildConfiguration;
			buildSettings = {
				COMBINE_HIDPI_IMAGES = YES;
				LD_RUNPATH_SEARCH_PATHS = (
					"$(inherited)",
					"@executable_path/../Frameworks",
				);
				MACOSX_DEPLOYMENT_TARGET = 26.0;
				OTHER_LDFLAGS = (
					"$(inherited)",
					"-ObjC",
				);
				PRODUCT_BUNDLE_IDENTIFIER = com.swifttwitchminer.SwiftTwitchMinerCLI;
				SDKROOT = macosx;
				SWIFT_VERSION = 6.0;
			};
			name = Release;
		};
		A01454FF2D183EB53DA6F3DB /* Debug */ = {
			isa = XCBuildConfiguration;
			buildSettings = {
				ALWAYS_SEARCH_USER_PATHS = NO;
				CLANG_ANALYZER_NONNULL = YES;
				CLANG_ANALYZER_NUMBER_OBJECT_CONVERSION = YES_AGGRESSIVE;
				CLANG_CXX_LANGUAGE_STANDARD = "gnu++14";
				CLANG_CXX_LIBRARY = "libc++";
				CLANG_ENABLE_MODULES = YES;
				CLANG_ENABLE_OBJC_ARC = YES;
				CLANG_ENABLE_OBJC_WEAK = YES;
				CLANG_WARN_BLOCK_CAPTURE_AUTORELEASING = YES;
				CLANG_WARN_BOOL_CONVERSION = YES;
				CLANG_WARN_COMMA = YES;
				CLANG_WARN_CONSTANT_CONVERSION = YES;
				CLANG_WARN_DEPRECATED_OBJC_IMPLEMENTATIONS = YES;
				CLANG_WARN_DIRECT_OBJC_ISA_USAGE = YES_ERROR;
				CLANG_WARN_DOCUMENTATION_COMMENTS = YES;
				CLANG_WARN_EMPTY_BODY = YES;
				CLANG_WARN_ENUM_CONVERSION = YES;
				CLANG_WARN_INFINITE_RECURSION = YES;
				CLANG_WARN_INT_CONVERSION = YES;
				CLANG_WARN_NON_LITERAL_NULL_CONVERSION = YES;
				CLANG_WARN_OBJC_IMPLICIT_RETAIN_SELF = YES;
				CLANG_WARN_OBJC_LITERAL_CONVERSION = YES;
				CLANG_WARN_OBJC_ROOT_CLASS = YES_ERROR;
				CLANG_WARN_QUOTED_INCLUDE_IN_FRAMEWORK_HEADER = YES;
				CLANG_WARN_RANGE_LOOP_ANALYSIS = YES;
				CLANG_WARN_STRICT_PROTOTYPES = YES;
				CLANG_WARN_SUSPICIOUS_MOVE = YES;
				CLANG_WARN_UNGUARDED_AVAILABILITY = YES_AGGRESSIVE;
				CLANG_WARN_UNREACHABLE_CODE = YES;
				CLANG_WARN__DUPLICATE_METHOD_MATCH = YES;
				COPY_PHASE_STRIP = NO;
				DEBUG_INFORMATION_FORMAT = dwarf;
				ENABLE_STRICT_OBJC_MSGSEND = YES;
				ENABLE_TESTABILITY = YES;
				GCC_C_LANGUAGE_STANDARD = gnu11;
				GCC_DYNAMIC_NO_PIC = NO;
				GCC_NO_COMMON_BLOCKS = YES;
				GCC_OPTIMIZATION_LEVEL = 0;
				GCC_PREPROCESSOR_DEFINITIONS = (
					"$(inherited)",
					"DEBUG=1",
				);
				GCC_WARN_64_TO_32_BIT_CONVERSION = YES;
				GCC_WARN_ABOUT_RETURN_TYPE = YES_ERROR;
				GCC_WARN_UNDECLARED_SELECTOR = YES;
				GCC_WARN_UNINITIALIZED_AUTOS = YES_AGGRESSIVE;
				GCC_WARN_UNUSED_FUNCTION = YES;
				GCC_WARN_UNUSED_VARIABLE = YES;
				MTL_ENABLE_DEBUG_INFO = INCLUDE_SOURCE;
				MTL_FAST_MATH = YES;
				ONLY_ACTIVE_ARCH = YES;
				PRODUCT_NAME = "$(TARGET_NAME)";
				SDKROOT = macosx;
				SWIFT_ACTIVE_COMPILATION_CONDITIONS = DEBUG;
				SWIFT_OPTIMIZATION_LEVEL = "-Onone";
				SWIFT_VERSION = 5.0;
			};
			name = Debug;
		};
		A6445817E58CEE2BFEFD17D7 /* Release */ = {
			isa = XCBuildConfiguration;
			buildSettings = {
				COMBINE_HIDPI_IMAGES = YES;
				ENABLE_STRICT_CONCURRENCY = YES;
				LD_RUNPATH_SEARCH_PATHS = (
					"$(inherited)",
					"@executable_path/../Frameworks",
				);
				MACOSX_DEPLOYMENT_TARGET = 26.0;
				PRODUCT_BUNDLE_IDENTIFIER = com.swifttwitchminer.SwiftTwitchMiner;
				SDKROOT = macosx;
				SKIP_INSTALL = YES;
				SWIFT_STRICT_CONCURRENCY = complete;
				SWIFT_VERSION = 6.0;
			};
			name = Release;
		};
		BF524C187D8E65218E0A1C69 /* Debug */ = {
			isa = XCBuildConfiguration;
			buildSettings = {
				BUNDLE_LOADER = "$(TEST_HOST)";
				COMBINE_HIDPI_IMAGES = YES;
				LD_RUNPATH_SEARCH_PATHS = (
					"$(inherited)",
					"@executable_path/../Frameworks",
					"@loader_path/../Frameworks",
				);
				MACOSX_DEPLOYMENT_TARGET = 26.0;
				OTHER_LDFLAGS = (
					"$(inherited)",
					"-ObjC",
				);
				PRODUCT_BUNDLE_IDENTIFIER = com.swifttwitchminer.SwiftTwitchMinerTests;
				SDKROOT = macosx;
				SWIFT_STRICT_CONCURRENCY = complete;
				SWIFT_VERSION = 6.0;
			};
			name = Debug;
		};
		C045EC9EF0893FF30222EF0B /* Release */ = {
			isa = XCBuildConfiguration;
			buildSettings = {
				ALWAYS_SEARCH_USER_PATHS = NO;
				CLANG_ANALYZER_NONNULL = YES;
				CLANG_ANALYZER_NUMBER_OBJECT_CONVERSION = YES_AGGRESSIVE;
				CLANG_CXX_LANGUAGE_STANDARD = "gnu++14";
				CLANG_CXX_LIBRARY = "libc++";
				CLANG_ENABLE_MODULES = YES;
				CLANG_ENABLE_OBJC_ARC = YES;
				CLANG_ENABLE_OBJC_WEAK = YES;
				CLANG_WARN_BLOCK_CAPTURE_AUTORELEASING = YES;
				CLANG_WARN_BOOL_CONVERSION = YES;
				CLANG_WARN_COMMA = YES;
				CLANG_WARN_CONSTANT_CONVERSION = YES;
				CLANG_WARN_DEPRECATED_OBJC_IMPLEMENTATIONS = YES;
				CLANG_WARN_DIRECT_OBJC_ISA_USAGE = YES_ERROR;
				CLANG_WARN_DOCUMENTATION_COMMENTS = YES;
				CLANG_WARN_EMPTY_BODY = YES;
				CLANG_WARN_ENUM_CONVERSION = YES;
				CLANG_WARN_INFINITE_RECURSION = YES;
				CLANG_WARN_INT_CONVERSION = YES;
				CLANG_WARN_NON_LITERAL_NULL_CONVERSION = YES;
				CLANG_WARN_OBJC_IMPLICIT_RETAIN_SELF = YES;
				CLANG_WARN_OBJC_LITERAL_CONVERSION = YES;
				CLANG_WARN_OBJC_ROOT_CLASS = YES_ERROR;
				CLANG_WARN_QUOTED_INCLUDE_IN_FRAMEWORK_HEADER = YES;
				CLANG_WARN_RANGE_LOOP_ANALYSIS = YES;
				CLANG_WARN_STRICT_PROTOTYPES = YES;
				CLANG_WARN_SUSPICIOUS_MOVE = YES;
				CLANG_WARN_UNGUARDED_AVAILABILITY = YES_AGGRESSIVE;
				CLANG_WARN_UNREACHABLE_CODE = YES;
				CLANG_WARN__DUPLICATE_METHOD_MATCH = YES;
				COPY_PHASE_STRIP = NO;
				DEBUG_INFORMATION_FORMAT = "dwarf-with-dsym";
				ENABLE_NS_ASSERTIONS = NO;
				ENABLE_STRICT_OBJC_MSGSEND = YES;
				GCC_C_LANGUAGE_STANDARD = gnu11;
				GCC_NO_COMMON_BLOCKS = YES;
				GCC_WARN_64_TO_32_BIT_CONVERSION = YES;
				GCC_WARN_ABOUT_RETURN_TYPE = YES_ERROR;
				GCC_WARN_UNDECLARED_SELECTOR = YES;
				GCC_WARN_UNINITIALIZED_AUTOS = YES_AGGRESSIVE;
				GCC_WARN_UNUSED_FUNCTION = YES;
				GCC_WARN_UNUSED_VARIABLE = YES;
				MTL_ENABLE_DEBUG_INFO = NO;
				MTL_FAST_MATH = YES;
				PRODUCT_NAME = "$(TARGET_NAME)";
				SDKROOT = macosx;
				SWIFT_COMPILATION_MODE = wholemodule;
				SWIFT_OPTIMIZATION_LEVEL = "-O";
				SWIFT_VERSION = 5.0;
			};
			name = Release;
		};
		C6940D51C55168245D339CEF /* Release */ = {
			isa = XCBuildConfiguration;
			buildSettings = {
				ASSETCATALOG_COMPILER_APPICON_NAME = TMServer;
				ASSETCATALOG_COMPILER_INCLUDE_ALL_APPICON_ASSETS = YES;
				CODE_SIGN_STYLE = Automatic;
				COMBINE_HIDPI_IMAGES = YES;
				ENABLE_HARDENED_RUNTIME = YES;
				INFOPLIST_FILE = Sources/SwiftTwitchMinerApp/Info.plist;
				INFOPLIST_KEY_CFBundleDisplayName = SwitfMiner;
				LD_RUNPATH_SEARCH_PATHS = (
					"$(inherited)",
					"@executable_path/../Frameworks",
				);
				MACOSX_DEPLOYMENT_TARGET = 26.0;
				MARKETING_VERSION = 0.0.1;
				OTHER_LDFLAGS = (
					"$(inherited)",
					"-ObjC",
				);
				PRODUCT_BUNDLE_IDENTIFIER = com.swifttwitchminer.app;
				SDKROOT = macosx;
				SWIFT_STRICT_CONCURRENCY = complete;
				SWIFT_VERSION = 6.0;
			};
			name = Release;
		};
		D59197ECCED9C257E9D350C2 /* Release */ = {
			isa = XCBuildConfiguration;
			buildSettings = {
				BUNDLE_LOADER = "$(TEST_HOST)";
				COMBINE_HIDPI_IMAGES = YES;
				LD_RUNPATH_SEARCH_PATHS = (
					"$(inherited)",
					"@executable_path/../Frameworks",
					"@loader_path/../Frameworks",
				);
				MACOSX_DEPLOYMENT_TARGET = 26.0;
				OTHER_LDFLAGS = (
					"$(inherited)",
					"-ObjC",
				);
				PRODUCT_BUNDLE_IDENTIFIER = com.swifttwitchminer.SwiftTwitchMinerTests;
				SDKROOT = macosx;
				SWIFT_STRICT_CONCURRENCY = complete;
				SWIFT_VERSION = 6.0;
			};
			name = Release;
		};
		F2E9E90CEEE7CA88EB507DAF /* Debug */ = {
			isa = XCBuildConfiguration;
			buildSettings = {
				COMBINE_HIDPI_IMAGES = YES;
				LD_RUNPATH_SEARCH_PATHS = (
					"$(inherited)",
					"@executable_path/../Frameworks",
				);
				MACOSX_DEPLOYMENT_TARGET = 26.0;
				OTHER_LDFLAGS = (
					"$(inherited)",
					"-ObjC",
				);
				PRODUCT_BUNDLE_IDENTIFIER = com.swifttwitchminer.SwiftTwitchMinerCLI;
				SDKROOT = macosx;
				SWIFT_VERSION = 6.0;
			};
			name = Debug;
		};
/* End XCBuildConfiguration section */

/* Begin XCConfigurationList section */
		29DE5876F895596BC412BB8D /* Build configuration list for PBXNativeTarget "SwiftTwitchMinerCLI" */ = {
			isa = XCConfigurationList;
			buildConfigurations = (
				F2E9E90CEEE7CA88EB507DAF /* Debug */,
				5A2A4DE3FB08B1C672492B37 /* Release */,
			);
			defaultConfigurationIsVisible = 0;
			defaultConfigurationName = Debug;
		};
		2CA523445426446A78F146A5 /* Build configuration list for PBXNativeTarget "SwiftTwitchMinerTests" */ = {
			isa = XCConfigurationList;
			buildConfigurations = (
				BF524C187D8E65218E0A1C69 /* Debug */,
				D59197ECCED9C257E9D350C2 /* Release */,
			);
			defaultConfigurationIsVisible = 0;
			defaultConfigurationName = Debug;
		};
		814D17855F10E57E7621E418 /* Build configuration list for PBXProject "SwiftTwitchMiner" */ = {
			isa = XCConfigurationList;
			buildConfigurations = (
				A01454FF2D183EB53DA6F3DB /* Debug */,
				C045EC9EF0893FF30222EF0B /* Release */,
			);
			defaultConfigurationIsVisible = 0;
			defaultConfigurationName = Debug;
		};
		84E003E6CAB9E6C69563DFFF /* Build configuration list for PBXNativeTarget "SwiftTwitchMiner" */ = {
			isa = XCConfigurationList;
			buildConfigurations = (
				50D5D1D750A29A1BB20A21C1 /* Debug */,
				A6445817E58CEE2BFEFD17D7 /* Release */,
			);
			defaultConfigurationIsVisible = 0;
			defaultConfigurationName = Debug;
		};
		BA28FB53851BB946AA056F93 /* Build configuration list for PBXNativeTarget "SwiftTwitchMinerApp" */ = {
			isa = XCConfigurationList;
			buildConfigurations = (
				08B4E986B9DD8410191E255D /* Debug */,
				C6940D51C55168245D339CEF /* Release */,
			);
			defaultConfigurationIsVisible = 0;
			defaultConfigurationName = Debug;
		};
/* End XCConfigurationList section */
	};
	rootObject = 29B042A1A4303D864CD65C4A /* Project object */;
}
